// !$*UTF8*$!
{
	archiveVersion = 1;
	classes = {
	};
	objectVersion = 55;
	objects = {

/* Begin PBXBuildFile section */
		2A368DDC28D6E822006638B1 /* NasaGallaryApp.swift in Sources */ = {isa = PBXBuildFile; fileRef = 2A368DDB28D6E822006638B1 /* NasaGallaryApp.swift */; };
		2A368DDE28D6E822006638B1 /* ContentView.swift in Sources */ = {isa = PBXBuildFile; fileRef = 2A368DDD28D6E822006638B1 /* ContentView.swift */; };
		2A368DE328D6E823006638B1 /* Preview Assets.xcassets in Resources */ = {isa = PBXBuildFile; fileRef = 2A368DE228D6E823006638B1 /* Preview Assets.xcassets */; };
		2A368DED28D6E823006638B1 /* NasaGallaryTests.swift in Sources */ = {isa = PBXBuildFile; fileRef = 2A368DEC28D6E823006638B1 /* NasaGallaryTests.swift */; };
		2A368DF728D6E824006638B1 /* NasaGallaryUITests.swift in Sources */ = {isa = PBXBuildFile; fileRef = 2A368DF628D6E824006638B1 /* NasaGallaryUITests.swift */; };
		2A368DF928D6E824006638B1 /* NasaGallaryUITestsLaunchTests.swift in Sources */ = {isa = PBXBuildFile; fileRef = 2A368DF828D6E824006638B1 /* NasaGallaryUITestsLaunchTests.swift */; };
		2A368E0728D6E986006638B1 /* SDWebImageSwiftUI in Frameworks */ = {isa = PBXBuildFile; productRef = 2A368E0628D6E986006638B1 /* SDWebImageSwiftUI */; };
		2A368E0F28D6EAC3006638B1 /* Assets.xcassets in Resources */ = {isa = PBXBuildFile; fileRef = 2A368E0E28D6EAC3006638B1 /* Assets.xcassets */; };
		2A368E1128D6EB26006638B1 /* Color.xcassets in Resources */ = {isa = PBXBuildFile; fileRef = 2A368E1028D6EB26006638B1 /* Color.xcassets */; };
		2A368E1328D6EBB1006638B1 /* PictureModel.swift in Sources */ = {isa = PBXBuildFile; fileRef = 2A368E1228D6EBB1006638B1 /* PictureModel.swift */; };
		2A368E1528D6EBC8006638B1 /* GallaryGridView.swift in Sources */ = {isa = PBXBuildFile; fileRef = 2A368E1428D6EBC8006638B1 /* GallaryGridView.swift */; };
		2A368E1728D6EBD8006638B1 /* GallaryDetailView.swift in Sources */ = {isa = PBXBuildFile; fileRef = 2A368E1628D6EBD8006638B1 /* GallaryDetailView.swift */; };
		2A368E1928D6EC1E006638B1 /* GallaryViewModel.swift in Sources */ = {isa = PBXBuildFile; fileRef = 2A368E1828D6EC1E006638B1 /* GallaryViewModel.swift */; };
		2A368E1B28D6EC35006638B1 /* Color+Custom.swift in Sources */ = {isa = PBXBuildFile; fileRef = 2A368E1A28D6EC35006638B1 /* Color+Custom.swift */; };
		2A368E1D28D6EC56006638B1 /* NetworkReachability.swift in Sources */ = {isa = PBXBuildFile; fileRef = 2A368E1C28D6EC56006638B1 /* NetworkReachability.swift */; };
		2A368E1F28D6ED58006638B1 /* data.json in Resources */ = {isa = PBXBuildFile; fileRef = 2A368E1E28D6ED58006638B1 /* data.json */; };
/* End PBXBuildFile section */

/* Begin PBXContainerItemProxy section */
		2A368DE928D6E823006638B1 /* PBXContainerItemProxy */ = {
			isa = PBXContainerItemProxy;
			containerPortal = 2A368DD028D6E822006638B1 /* Project object */;
			proxyType = 1;
			remoteGlobalIDString = 2A368DD728D6E822006638B1;
			remoteInfo = NasaGallary;
		};
		2A368DF328D6E824006638B1 /* PBXContainerItemProxy */ = {
			isa = PBXContainerItemProxy;
			containerPortal = 2A368DD028D6E822006638B1 /* Project object */;
			proxyType = 1;
			remoteGlobalIDString = 2A368DD728D6E822006638B1;
			remoteInfo = NasaGallary;
		};
/* End PBXContainerItemProxy section */

/* Begin PBXFileReference section */
		2A368DD828D6E822006638B1 /* NasaGallary.app */ = {isa = PBXFileReference; explicitFileType = wrapper.application; includeInIndex = 0; path = NasaGallary.app; sourceTree = BUILT_PRODUCTS_DIR; };
		2A368DDB28D6E822006638B1 /* NasaGallaryApp.swift */ = {isa = PBXFileReference; lastKnownFileType = sourcecode.swift; path = NasaGallaryApp.swift; sourceTree = "<group>"; };
		2A368DDD28D6E822006638B1 /* ContentView.swift */ = {isa = PBXFileReference; lastKnownFileType = sourcecode.swift; path = ContentView.swift; sourceTree = "<group>"; };
		2A368DE228D6E823006638B1 /* Preview Assets.xcassets */ = {isa = PBXFileReference; lastKnownFileType = folder.assetcatalog; path = "Preview Assets.xcassets"; sourceTree = "<group>"; };
		2A368DE828D6E823006638B1 /* NasaGallaryTests.xctest */ = {isa = PBXFileReference; explicitFileType = wrapper.cfbundle; includeInIndex = 0; path = NasaGallaryTests.xctest; sourceTree = BUILT_PRODUCTS_DIR; };
		2A368DEC28D6E823006638B1 /* NasaGallaryTests.swift */ = {isa = PBXFileReference; lastKnownFileType = sourcecode.swift; path = NasaGallaryTests.swift; sourceTree = "<group>"; };
		2A368DF228D6E824006638B1 /* NasaGallaryUITests.xctest */ = {isa = PBXFileReference; explicitFileType = wrapper.cfbundle; includeInIndex = 0; path = NasaGallaryUITests.xctest; sourceTree = BUILT_PRODUCTS_DIR; };
		2A368DF628D6E824006638B1 /* NasaGallaryUITests.swift */ = {isa = PBXFileReference; lastKnownFileType = sourcecode.swift; path = NasaGallaryUITests.swift; sourceTree = "<group>"; };
		2A368DF828D6E824006638B1 /* NasaGallaryUITestsLaunchTests.swift */ = {isa = PBXFileReference; lastKnownFileType = sourcecode.swift; path = NasaGallaryUITestsLaunchTests.swift; sourceTree = "<group>"; };
		2A368E0E28D6EAC3006638B1 /* Assets.xcassets */ = {isa = PBXFileReference; lastKnownFileType = folder.assetcatalog; path = Assets.xcassets; sourceTree = "<group>"; };
		2A368E1028D6EB26006638B1 /* Color.xcassets */ = {isa = PBXFileReference; lastKnownFileType = folder.assetcatalog; path = Color.xcassets; sourceTree = "<group>"; };
		2A368E1228D6EBB1006638B1 /* PictureModel.swift */ = {isa = PBXFileReference; lastKnownFileType = sourcecode.swift; path = PictureModel.swift; sourceTree = "<group>"; };
		2A368E1428D6EBC8006638B1 /* GallaryGridView.swift */ = {isa = PBXFileReference; lastKnownFileType = sourcecode.swift; path = GallaryGridView.swift; sourceTree = "<group>"; };
		2A368E1628D6EBD8006638B1 /* GallaryDetailView.swift */ = {isa = PBXFileReference; lastKnownFileType = sourcecode.swift; path = GallaryDetailView.swift; sourceTree = "<group>"; };
		2A368E1828D6EC1E006638B1 /* GallaryViewModel.swift */ = {isa = PBXFileReference; lastKnownFileType = sourcecode.swift; path = GallaryViewModel.swift; sourceTree = "<group>"; };
		2A368E1A28D6EC35006638B1 /* Color+Custom.swift */ = {isa = PBXFileReference; lastKnownFileType = sourcecode.swift; path = "Color+Custom.swift"; sourceTree = "<group>"; };
		2A368E1C28D6EC56006638B1 /* NetworkReachability.swift */ = {isa = PBXFileReference; lastKnownFileType = sourcecode.swift; path = NetworkReachability.swift; sourceTree = "<group>"; };
		2A368E1E28D6ED58006638B1 /* data.json */ = {isa = PBXFileReference; fileEncoding = 4; lastKnownFileType = text.json; path = data.json; sourceTree = "<group>"; };
/* End PBXFileReference section */

/* Begin PBXFrameworksBuildPhase section */
		2A368DD528D6E822006638B1 /* Frameworks */ = {
			isa = PBXFrameworksBuildPhase;
			buildActionMask = 2147483647;
			files = (
				2A368E0728D6E986006638B1 /* SDWebImageSwiftUI in Frameworks */,
			);
			runOnlyForDeploymentPostprocessing = 0;
		};
		2A368DE528D6E823006638B1 /* Frameworks */ = {
			isa = PBXFrameworksBuildPhase;
			buildActionMask = 2147483647;
			files = (
			);
			runOnlyForDeploymentPostprocessing = 0;
		};
		2A368DEF28D6E824006638B1 /* Frameworks */ = {
			isa = PBXFrameworksBuildPhase;
			buildActionMask = 2147483647;
			files = (
			);
			runOnlyForDeploymentPostprocessing = 0;
		};
/* End PBXFrameworksBuildPhase section */

/* Begin PBXGroup section */
		2A368DCF28D6E822006638B1 = {
			isa = PBXGroup;
			children = (
				2A368DDA28D6E822006638B1 /* NasaGallary */,
				2A368DEB28D6E823006638B1 /* NasaGallaryTests */,
				2A368DF528D6E824006638B1 /* NasaGallaryUITests */,
				2A368DD928D6E822006638B1 /* Products */,
			);
			sourceTree = "<group>";
		};
		2A368DD928D6E822006638B1 /* Products */ = {
			isa = PBXGroup;
			children = (
				2A368DD828D6E822006638B1 /* NasaGallary.app */,
				2A368DE828D6E823006638B1 /* NasaGallaryTests.xctest */,
				2A368DF228D6E824006638B1 /* NasaGallaryUITests.xctest */,
			);
			name = Products;
			sourceTree = "<group>";
		};
		2A368DDA28D6E822006638B1 /* NasaGallary */ = {
			isa = PBXGroup;
			children = (
				2A368DDB28D6E822006638B1 /* NasaGallaryApp.swift */,
				2A368DDD28D6E822006638B1 /* ContentView.swift */,
				2A368E0C28D6EA66006638B1 /* Model */,
				2A368E0828D6EA66006638B1 /* View */,
				2A368E0928D6EA66006638B1 /* ViewModel */,
				2A368E0A28D6EA66006638B1 /* Extensions */,
				2A368E0D28D6EA66006638B1 /* Utitlity */,
				2A368E0B28D6EA66006638B1 /* Resources */,
				2A368DE128D6E823006638B1 /* Preview Content */,
			);
			path = NasaGallary;
			sourceTree = "<group>";
		};
		2A368DE128D6E823006638B1 /* Preview Content */ = {
			isa = PBXGroup;
			children = (
				2A368DE228D6E823006638B1 /* Preview Assets.xcassets */,
			);
			path = "Preview Content";
			sourceTree = "<group>";
		};
		2A368DEB28D6E823006638B1 /* NasaGallaryTests */ = {
			isa = PBXGroup;
			children = (
				2A368DEC28D6E823006638B1 /* NasaGallaryTests.swift */,
			);
			path = NasaGallaryTests;
			sourceTree = "<group>";
		};
		2A368DF528D6E824006638B1 /* NasaGallaryUITests */ = {
			isa = PBXGroup;
			children = (
				2A368DF628D6E824006638B1 /* NasaGallaryUITests.swift */,
				2A368DF828D6E824006638B1 /* NasaGallaryUITestsLaunchTests.swift */,
			);
			path = NasaGallaryUITests;
			sourceTree = "<group>";
		};
		2A368E0828D6EA66006638B1 /* View */ = {
			isa = PBXGroup;
			children = (
				2A368E1428D6EBC8006638B1 /* GallaryGridView.swift */,
				2A368E1628D6EBD8006638B1 /* GallaryDetailView.swift */,
			);
			path = View;
			sourceTree = "<group>";
		};
		2A368E0928D6EA66006638B1 /* ViewModel */ = {
			isa = PBXGroup;
			children = (
				2A368E1828D6EC1E006638B1 /* GallaryViewModel.swift */,
			);
			path = ViewModel;
			sourceTree = "<group>";
		};
		2A368E0A28D6EA66006638B1 /* Extensions */ = {
			isa = PBXGroup;
			children = (
				2A368E1A28D6EC35006638B1 /* Color+Custom.swift */,
			);
			path = Extensions;
			sourceTree = "<group>";
		};
		2A368E0B28D6EA66006638B1 /* Resources */ = {
			isa = PBXGroup;
			children = (
				2A368E1E28D6ED58006638B1 /* data.json */,
				2A368E1028D6EB26006638B1 /* Color.xcassets */,
				2A368E0E28D6EAC3006638B1 /* Assets.xcassets */,
			);
			path = Resources;
			sourceTree = "<group>";
		};
		2A368E0C28D6EA66006638B1 /* Model */ = {
			isa = PBXGroup;
			children = (
				2A368E1228D6EBB1006638B1 /* PictureModel.swift */,
			);
			path = Model;
			sourceTree = "<group>";
		};
		2A368E0D28D6EA66006638B1 /* Utitlity */ = {
			isa = PBXGroup;
			children = (
				2A368E1C28D6EC56006638B1 /* NetworkReachability.swift */,
			);
			path = Utitlity;
			sourceTree = "<group>";
		};
/* End PBXGroup section */

/* Begin PBXNativeTarget section */
		2A368DD728D6E822006638B1 /* NasaGallary */ = {
			isa = PBXNativeTarget;
			buildConfigurationList = 2A368DFC28D6E824006638B1 /* Build configuration list for PBXNativeTarget "NasaGallary" */;
			buildPhases = (
				2A368DD428D6E822006638B1 /* Sources */,
				2A368DD528D6E822006638B1 /* Frameworks */,
				2A368DD628D6E822006638B1 /* Resources */,
			);
			buildRules = (
			);
			dependencies = (
			);
			name = NasaGallary;
			packageProductDependencies = (
				2A368E0628D6E986006638B1 /* SDWebImageSwiftUI */,
			);
			productName = NasaGallary;
			productReference = 2A368DD828D6E822006638B1 /* NasaGallary.app */;
			productType = "com.apple.product-type.application";
		};
		2A368DE728D6E823006638B1 /* NasaGallaryTests */ = {
			isa = PBXNativeTarget;
			buildConfigurationList = 2A368DFF28D6E824006638B1 /* Build configuration list for PBXNativeTarget "NasaGallaryTests" */;
			buildPhases = (
				2A368DE428D6E823006638B1 /* Sources */,
				2A368DE528D6E823006638B1 /* Frameworks */,
				2A368DE628D6E823006638B1 /* Resources */,
			);
			buildRules = (
			);
			dependencies = (
				2A368DEA28D6E823006638B1 /* PBXTargetDependency */,
			);
			name = NasaGallaryTests;
			productName = NasaGallaryTests;
			productReference = 2A368DE828D6E823006638B1 /* NasaGallaryTests.xctest */;
			productType = "com.apple.product-type.bundle.unit-test";
		};
		2A368DF128D6E824006638B1 /* NasaGallaryUITests */ = {
			isa = PBXNativeTarget;
			buildConfigurationList = 2A368E0228D6E824006638B1 /* Build configuration list for PBXNativeTarget "NasaGallaryUITests" */;
			buildPhases = (
				2A368DEE28D6E824006638B1 /* Sources */,
				2A368DEF28D6E824006638B1 /* Frameworks */,
				2A368DF028D6E824006638B1 /* Resources */,
			);
			buildRules = (
			);
			dependencies = (
				2A368DF428D6E824006638B1 /* PBXTargetDependency */,
			);
			name = NasaGallaryUITests;
			productName = NasaGallaryUITests;
			productReference = 2A368DF228D6E824006638B1 /* NasaGallaryUITests.xctest */;
			productType = "com.apple.product-type.bundle.ui-testing";
		};
/* End PBXNativeTarget section */

/* Begin PBXProject section */
		2A368DD028D6E822006638B1 /* Project object */ = {
			isa = PBXProject;
			attributes = {
				BuildIndependentTargetsInParallel = 1;
				LastSwiftUpdateCheck = 1340;
				LastUpgradeCheck = 1340;
				TargetAttributes = {
					2A368DD728D6E822006638B1 = {
						CreatedOnToolsVersion = 13.4.1;
					};
					2A368DE728D6E823006638B1 = {
						CreatedOnToolsVersion = 13.4.1;
						TestTargetID = 2A368DD728D6E822006638B1;
					};
					2A368DF128D6E824006638B1 = {
						CreatedOnToolsVersion = 13.4.1;
						TestTargetID = 2A368DD728D6E822006638B1;
					};
				};
			};
			buildConfigurationList = 2A368DD328D6E822006638B1 /* Build configuration list for PBXProject "NasaGallary" */;
			compatibilityVersion = "Xcode 13.0";
			developmentRegion = en;
			hasScannedForEncodings = 0;
			knownRegions = (
				en,
				Base,
			);
			mainGroup = 2A368DCF28D6E822006638B1;
			packageReferences = (
				2A368E0528D6E986006638B1 /* XCRemoteSwiftPackageReference "SDWebImageSwiftUI" */,
			);
			productRefGroup = 2A368DD928D6E822006638B1 /* Products */;
			projectDirPath = "";
			projectRoot = "";
			targets = (
				2A368DD728D6E822006638B1 /* NasaGallary */,
				2A368DE728D6E823006638B1 /* NasaGallaryTests */,
				2A368DF128D6E824006638B1 /* NasaGallaryUITests */,
			);
		};
/* End PBXProject section */

/* Begin PBXResourcesBuildPhase section */
		2A368DD628D6E822006638B1 /* Resources */ = {
			isa = PBXResourcesBuildPhase;
			buildActionMask = 2147483647;
			files = (
				2A368E0F28D6EAC3006638B1 /* Assets.xcassets in Resources */,
				2A368DE328D6E823006638B1 /* Preview Assets.xcassets in Resources */,
				2A368E1128D6EB26006638B1 /* Color.xcassets in Resources */,
				2A368E1F28D6ED58006638B1 /* data.json in Resources */,
			);
			runOnlyForDeploymentPostprocessing = 0;
		};
		2A368DE628D6E823006638B1 /* Resources */ = {
			isa = PBXResourcesBuildPhase;
			buildActionMask = 2147483647;
			files = (
			);
			runOnlyForDeploymentPostprocessing = 0;
		};
		2A368DF028D6E824006638B1 /* Resources */ = {
			isa = PBXResourcesBuildPhase;
			buildActionMask = 2147483647;
			files = (
			);
			runOnlyForDeploymentPostprocessing = 0;
		};
/* End PBXResourcesBuildPhase section */

/* Begin PBXSourcesBuildPhase section */
		2A368DD428D6E822006638B1 /* Sources */ = {
			isa = PBXSourcesBuildPhase;
			buildActionMask = 2147483647;
			files = (
				2A368E1328D6EBB1006638B1 /* PictureModel.swift in Sources */,
				2A368E1928D6EC1E006638B1 /* GallaryViewModel.swift in Sources */,
				2A368E1728D6EBD8006638B1 /* GallaryDetailView.swift in Sources */,
				2A368E1B28D6EC35006638B1 /* Color+Custom.swift in Sources */,
				2A368E1528D6EBC8006638B1 /* GallaryGridView.swift in Sources */,
				2A368DDE28D6E822006638B1 /* ContentView.swift in Sources */,
				2A368DDC28D6E822006638B1 /* NasaGallaryApp.swift in Sources */,
				2A368E1D28D6EC56006638B1 /* NetworkReachability.swift in Sources */,
			);
			runOnlyForDeploymentPostprocessing = 0;
		};
		2A368DE428D6E823006638B1 /* Sources */ = {
			isa = PBXSourcesBuildPhase;
			buildActionMask = 2147483647;
			files = (
				2A368DED28D6E823006638B1 /* NasaGallaryTests.swift in Sources */,
			);
			runOnlyForDeploymentPostprocessing = 0;
		};
		2A368DEE28D6E824006638B1 /* Sources */ = {
			isa = PBXSourcesBuildPhase;
			buildActionMask = 2147483647;
			files = (
				2A368DF928D6E824006638B1 /* NasaGallaryUITestsLaunchTests.swift in Sources */,
				2A368DF728D6E824006638B1 /* NasaGallaryUITests.swift in Sources */,
			);
			runOnlyForDeploymentPostprocessing = 0;
		};
/* End PBXSourcesBuildPhase section */

/* Begin PBXTargetDependency section */
		2A368DEA28D6E823006638B1 /* PBXTargetDependency */ = {
			isa = PBXTargetDependency;
			target = 2A368DD728D6E822006638B1 /* NasaGallary */;
			targetProxy = 2A368DE928D6E823006638B1 /* PBXContainerItemProxy */;
		};
		2A368DF428D6E824006638B1 /* PBXTargetDependency */ = {
			isa = PBXTargetDependency;
			target = 2A368DD728D6E822006638B1 /* NasaGallary */;
			targetProxy = 2A368DF328D6E824006638B1 /* PBXContainerItemProxy */;
		};
/* End PBXTargetDependency section */

/* Begin XCBuildConfiguration section */
		2A368DFA28D6E824006638B1 /* Debug */ = {
			isa = XCBuildConfiguration;
			buildSettings = {
				ALWAYS_SEARCH_USER_PATHS = NO;
				CLANG_ANALYZER_NONNULL = YES;
				CLANG_ANALYZER_NUMBER_OBJECT_CONVERSION = YES_AGGRESSIVE;
				CLANG_CXX_LANGUAGE_STANDARD = "gnu++17";
				CLANG_ENABLE_MODULES = YES;
				CLANG_ENABLE_OBJC_ARC = YES;
				CLANG_ENABLE_OBJC_WEAK = YES;
				CLANG_WARN_BLOCK_CAPTURE_AUTORELEASING = YES;
				CLANG_WARN_BOOL_CONVERSION = YES;
				CLANG_WARN_COMMA = YES;
				CLANG_WARN_CONSTANT_CONVERSION = YES;
				CLANG_WARN_DEPRECATED_OBJC_IMPLEMENTATIONS = YES;
				CLANG_WARN_DIRECT_OBJC_ISA_USAGE = YES_ERROR;
				CLANG_WARN_DOCUMENTATION_COMMENTS = YES;
				CLANG_WARN_EMPTY_BODY = YES;
				CLANG_WARN_ENUM_CONVERSION = YES;
				CLANG_WARN_INFINITE_RECURSION = YES;
				CLANG_WARN_INT_CONVERSION = YES;
				CLANG_WARN_NON_LITERAL_NULL_CONVERSION = YES;
				CLANG_WARN_OBJC_IMPLICIT_RETAIN_SELF = YES;
				CLANG_WARN_OBJC_LITERAL_CONVERSION = YES;
				CLANG_WARN_OBJC_ROOT_CLASS = YES_ERROR;
				CLANG_WARN_QUOTED_INCLUDE_IN_FRAMEWORK_HEADER = YES;
				CLANG_WARN_RANGE_LOOP_ANALYSIS = YES;
				CLANG_WARN_STRICT_PROTOTYPES = YES;
				CLANG_WARN_SUSPICIOUS_MOVE = YES;
				CLANG_WARN_UNGUARDED_AVAILABILITY = YES_AGGRESSIVE;
				CLANG_WARN_UNREACHABLE_CODE = YES;
				CLANG_WARN__DUPLICATE_METHOD_MATCH = YES;
				COPY_PHASE_STRIP = NO;
				DEBUG_INFORMATION_FORMAT = dwarf;
				ENABLE_STRICT_OBJC_MSGSEND = YES;
				ENABLE_TESTABILITY = YES;
				GCC_C_LANGUAGE_STANDARD = gnu11;
				GCC_DYNAMIC_NO_PIC = NO;
				GCC_NO_COMMON_BLOCKS = YES;
				GCC_OPTIMIZATION_LEVEL = 0;
				GCC_PREPROCESSOR_DEFINITIONS = (
					"DEBUG=1",
					"$(inherited)",
				);
				GCC_WARN_64_TO_32_BIT_CONVERSION = YES;
				GCC_WARN_ABOUT_RETURN_TYPE = YES_ERROR;
				GCC_WARN_UNDECLARED_SELECTOR = YES;
				GCC_WARN_UNINITIALIZED_AUTOS = YES_AGGRESSIVE;
				GCC_WARN_UNUSED_FUNCTION = YES;
				GCC_WARN_UNUSED_VARIABLE = YES;
				IPHONEOS_DEPLOYMENT_TARGET = 15.5;
				MTL_ENABLE_DEBUG_INFO = INCLUDE_SOURCE;
				MTL_FAST_MATH = YES;
				ONLY_ACTIVE_ARCH = YES;
				SDKROOT = iphoneos;
				SWIFT_ACTIVE_COMPILATION_CONDITIONS = DEBUG;
				SWIFT_OPTIMIZATION_LEVEL = "-Onone";
			};
			name = Debug;
		};
		2A368DFB28D6E824006638B1 /* Release */ = {
			isa = XCBuildConfiguration;
			buildSettings = {
				ALWAYS_SEARCH_USER_PATHS = NO;
				CLANG_ANALYZER_NONNULL = YES;
				CLANG_ANALYZER_NUMBER_OBJECT_CONVERSION = YES_AGGRESSIVE;
				CLANG_CXX_LANGUAGE_STANDARD = "gnu++17";
				CLANG_ENABLE_MODULES = YES;
				CLANG_ENABLE_OBJC_ARC = YES;
				CLANG_ENABLE_OBJC_WEAK = YES;
				CLANG_WARN_BLOCK_CAPTURE_AUTORELEASING = YES;
				CLANG_WARN_BOOL_CONVERSION = YES;
				CLANG_WARN_COMMA = YES;
				CLANG_WARN_CONSTANT_CONVERSION = YES;
				CLANG_WARN_DEPRECATED_OBJC_IMPLEMENTATIONS = YES;
				CLANG_WARN_DIRECT_OBJC_ISA_USAGE = YES_ERROR;
				CLANG_WARN_DOCUMENTATION_COMMENTS = YES;
				CLANG_WARN_EMPTY_BODY = YES;
				CLANG_WARN_ENUM_CONVERSION = YES;
				CLANG_WARN_INFINITE_RECURSION = YES;
				CLANG_WARN_INT_CONVERSION = YES;
				CLANG_WARN_NON_LITERAL_NULL_CONVERSION = YES;
				CLANG_WARN_OBJC_IMPLICIT_RETAIN_SELF = YES;
				CLANG_WARN_OBJC_LITERAL_CONVERSION = YES;
				CLANG_WARN_OBJC_ROOT_CLASS = YES_ERROR;
				CLANG_WARN_QUOTED_INCLUDE_IN_FRAMEWORK_HEADER = YES;
				CLANG_WARN_RANGE_LOOP_ANALYSIS = YES;
				CLANG_WARN_STRICT_PROTOTYPES = YES;
				CLANG_WARN_SUSPICIOUS_MOVE = YES;
				CLANG_WARN_UNGUARDED_AVAILABILITY = YES_AGGRESSIVE;
				CLANG_WARN_UNREACHABLE_CODE = YES;
				CLANG_WARN__DUPLICATE_METHOD_MATCH = YES;
				COPY_PHASE_STRIP = NO;
				DEBUG_INFORMATION_FORMAT = "dwarf-with-dsym";
				ENABLE_NS_ASSERTIONS = NO;
				ENABLE_STRICT_OBJC_MSGSEND = YES;
				GCC_C_LANGUAGE_STANDARD = gnu11;
				GCC_NO_COMMON_BLOCKS = YES;
				GCC_WARN_64_TO_32_BIT_CONVERSION = YES;
				GCC_WARN_ABOUT_RETURN_TYPE = YES_ERROR;
				GCC_WARN_UNDECLARED_SELECTOR = YES;
				GCC_WARN_UNINITIALIZED_AUTOS = YES_AGGRESSIVE;
				GCC_WARN_UNUSED_FUNCTION = YES;
				GCC_WARN_UNUSED_VARIABLE = YES;
				IPHONEOS_DEPLOYMENT_TARGET = 15.5;
				MTL_ENABLE_DEBUG_INFO = NO;
				MTL_FAST_MATH = YES;
				SDKROOT = iphoneos;
				SWIFT_COMPILATION_MODE = wholemodule;
				SWIFT_OPTIMIZATION_LEVEL = "-O";
				VALIDATE_PRODUCT = YES;
			};
			name = Release;
		};
		2A368DFD28D6E824006638B1 /* Debug */ = {
			isa = XCBuildConfiguration;
			buildSettings = {
				ASSETCATALOG_COMPILER_APPICON_NAME = AppIcon;
				ASSETCATALOG_COMPILER_GLOBAL_ACCENT_COLOR_NAME = AccentColor;
				CODE_SIGN_STYLE = Automatic;
				CURRENT_PROJECT_VERSION = 1;
				DEVELOPMENT_ASSET_PATHS = "\"NasaGallary/Preview Content\"";
				DEVELOPMENT_TEAM = 288FJFDSBH;
				ENABLE_PREVIEWS = YES;
				GENERATE_INFOPLIST_FILE = YES;
				INFOPLIST_KEY_UIApplicationSceneManifest_Generation = YES;
				INFOPLIST_KEY_UIApplicationSupportsIndirectInputEvents = YES;
				INFOPLIST_KEY_UILaunchScreen_Generation = YES;
				INFOPLIST_KEY_UISupportedInterfaceOrientations_iPad = "UIInterfaceOrientationPortrait UIInterfaceOrientationPortraitUpsideDown UIInterfaceOrientationLandscapeLeft UIInterfaceOrientationLandscapeRight";
				INFOPLIST_KEY_UISupportedInterfaceOrientations_iPhone = "UIInterfaceOrientationPortrait UIInterfaceOrientationLandscapeLeft UIInterfaceOrientationLandscapeRight";
				LD_RUNPATH_SEARCH_PATHS = (
					"$(inherited)",
					"@executable_path/Frameworks",
				);
				MARKETING_VERSION = 1.0;
				PRODUCT_BUNDLE_IDENTIFIER = com.obvious.NasaGallary;
				PRODUCT_NAME = "$(TARGET_NAME)";
				SWIFT_EMIT_LOC_STRINGS = YES;
				SWIFT_VERSION = 5.0;
				TARGETED_DEVICE_FAMILY = "1,2";
			};
			name = Debug;
		};
		2A368DFE28D6E824006638B1 /* Release */ = {
			isa = XCBuildConfiguration;
			buildSettings = {
				ASSETCATALOG_COMPILER_APPICON_NAME = AppIcon;
				ASSETCATALOG_COMPILER_GLOBAL_ACCENT_COLOR_NAME = AccentColor;
				CODE_SIGN_STYLE = Automatic;
				CURRENT_PROJECT_VERSION = 1;
				DEVELOPMENT_ASSET_PATHS = "\"NasaGallary/Preview Content\"";
				DEVELOPMENT_TEAM = 288FJFDSBH;
				ENABLE_PREVIEWS = YES;
				GENERATE_INFOPLIST_FILE = YES;
				INFOPLIST_KEY_UIApplicationSceneManifest_Generation = YES;
				INFOPLIST_KEY_UIApplicationSupportsIndirectInputEvents = YES;
				INFOPLIST_KEY_UILaunchScreen_Generation = YES;
				INFOPLIST_KEY_UISupportedInterfaceOrientations_iPad = "UIInterfaceOrientationPortrait UIInterfaceOrientationPortraitUpsideDown UIInterfaceOrientationLandscapeLeft UIInterfaceOrientationLandscapeRight";
				INFOPLIST_KEY_UISupportedInterfaceOrientations_iPhone = "UIInterfaceOrientationPortrait UIInterfaceOrientationLandscapeLeft UIInterfaceOrientationLandscapeRight";
				LD_RUNPATH_SEARCH_PATHS = (
					"$(inherited)",
					"@executable_path/Frameworks",
				);
				MARKETING_VERSION = 1.0;
				PRODUCT_BUNDLE_IDENTIFIER = com.obvious.NasaGallary;
				PRODUCT_NAME = "$(TARGET_NAME)";
				SWIFT_EMIT_LOC_STRINGS = YES;
				SWIFT_VERSION = 5.0;
				TARGETED_DEVICE_FAMILY = "1,2";
			};
			name = Release;
		};
		2A368E0028D6E824006638B1 /* Debug */ = {
			isa = XCBuildConfiguration;
			buildSettings = {
				ALWAYS_EMBED_SWIFT_STANDARD_LIBRARIES = YES;
				BUNDLE_LOADER = "$(TEST_HOST)";
				CODE_SIGN_STYLE = Automatic;
				CURRENT_PROJECT_VERSION = 1;
				DEVELOPMENT_TEAM = 288FJFDSBH;
				GENERATE_INFOPLIST_FILE = YES;
				IPHONEOS_DEPLOYMENT_TARGET = 15.5;
				MARKETING_VERSION = 1.0;
				PRODUCT_BUNDLE_IDENTIFIER = com.obvious.NasaGallaryTests;
				PRODUCT_NAME = "$(TARGET_NAME)";
				SWIFT_EMIT_LOC_STRINGS = NO;
				SWIFT_VERSION = 5.0;
				TARGETED_DEVICE_FAMILY = "1,2";
				TEST_HOST = "$(BUILT_PRODUCTS_DIR)/NasaGallary.app/NasaGallary";
			};
			name = Debug;
		};
		2A368E0128D6E824006638B1 /* Release */ = {
			isa = XCBuildConfiguration;
			buildSettings = {
				ALWAYS_EMBED_SWIFT_STANDARD_LIBRARIES = YES;
				BUNDLE_LOADER = "$(TEST_HOST)";
				CODE_SIGN_STYLE = Automatic;
				CURRENT_PROJECT_VERSION = 1;
				DEVELOPMENT_TEAM = 288FJFDSBH;
				GENERATE_INFOPLIST_FILE = YES;
				IPHONEOS_DEPLOYMENT_TARGET = 15.5;
				MARKETING_VERSION = 1.0;
				PRODUCT_BUNDLE_IDENTIFIER = com.obvious.NasaGallaryTests;
				PRODUCT_NAME = "$(TARGET_NAME)";
				SWIFT_EMIT_LOC_STRINGS = NO;
				SWIFT_VERSION = 5.0;
				TARGETED_DEVICE_FAMILY = "1,2";
				TEST_HOST = "$(BUILT_PRODUCTS_DIR)/NasaGallary.app/NasaGallary";
			};
			name = Release;
		};
		2A368E0328D6E824006638B1 /* Debug */ = {
			isa = XCBuildConfiguration;
			buildSettings = {
				ALWAYS_EMBED_SWIFT_STANDARD_LIBRARIES = YES;
				CODE_SIGN_STYLE = Automatic;
				CURRENT_PROJECT_VERSION = 1;
				DEVELOPMENT_TEAM = 288FJFDSBH;
				GENERATE_INFOPLIST_FILE = YES;
				MARKETING_VERSION = 1.0;
				PRODUCT_BUNDLE_IDENTIFIER = com.obvious.NasaGallaryUITests;
				PRODUCT_NAME = "$(TARGET_NAME)";
				SWIFT_EMIT_LOC_STRINGS = NO;
				SWIFT_VERSION = 5.0;
				TARGETED_DEVICE_FAMILY = "1,2";
				TEST_TARGET_NAME = NasaGallary;
			};
			name = Debug;
		};
		2A368E0428D6E824006638B1 /* Release */ = {
			isa = XCBuildConfiguration;
			buildSettings = {
				ALWAYS_EMBED_SWIFT_STANDARD_LIBRARIES = YES;
				CODE_SIGN_STYLE = Automatic;
				CURRENT_PROJECT_VERSION = 1;
				DEVELOPMENT_TEAM = 288FJFDSBH;
				GENERATE_INFOPLIST_FILE = YES;
				MARKETING_VERSION = 1.0;
				PRODUCT_BUNDLE_IDENTIFIER = com.obvious.NasaGallaryUITests;
				PRODUCT_NAME = "$(TARGET_NAME)";
				SWIFT_EMIT_LOC_STRINGS = NO;
				SWIFT_VERSION = 5.0;
				TARGETED_DEVICE_FAMILY = "1,2";
				TEST_TARGET_NAME = NasaGallary;
			};
			name = Release;
		};
/* End XCBuildConfiguration section */

/* Begin XCConfigurationList section */
		2A368DD328D6E822006638B1 /* Build configuration list for PBXProject "NasaGallary" */ = {
			isa = XCConfigurationList;
			buildConfigurations = (
				2A368DFA28D6E824006638B1 /* Debug */,
				2A368DFB28D6E824006638B1 /* Release */,
			);
			defaultConfigurationIsVisible = 0;
			defaultConfigurationName = Release;
		};
		2A368DFC28D6E824006638B1 /* Build configuration list for PBXNativeTarget "NasaGallary" */ = {
			isa = XCConfigurationList;
			buildConfigurations = (
				2A368DFD28D6E824006638B1 /* Debug */,
				2A368DFE28D6E824006638B1 /* Release */,
			);
			defaultConfigurationIsVisible = 0;
			defaultConfigurationName = Release;
		};
		2A368DFF28D6E824006638B1 /* Build configuration list for PBXNativeTarget "NasaGallaryTests" */ = {
			isa = XCConfigurationList;
			buildConfigurations = (
				2A368E0028D6E824006638B1 /* Debug */,
				2A368E0128D6E824006638B1 /* Release */,
			);
			defaultConfigurationIsVisible = 0;
			defaultConfigurationName = Release;
		};
		2A368E0228D6E824006638B1 /* Build configuration list for PBXNativeTarget "NasaGallaryUITests" */ = {
			isa = XCConfigurationList;
			buildConfigurations = (
				2A368E0328D6E824006638B1 /* Debug */,
				2A368E0428D6E824006638B1 /* Release */,
			);
			defaultConfigurationIsVisible = 0;
			defaultConfigurationName = Release;
		};
/* End XCConfigurationList section */

/* Begin XCRemoteSwiftPackageReference section */
		2A368E0528D6E986006638B1 /* XCRemoteSwiftPackageReference "SDWebImageSwiftUI" */ = {
			isa = XCRemoteSwiftPackageReference;
			repositoryURL = "https://github.com/SDWebImage/SDWebImageSwiftUI.git";
			requirement = {
				kind = upToNextMinorVersion;
				minimumVersion = 2.1.0;
			};
		};
/* End XCRemoteSwiftPackageReference section */

/* Begin XCSwiftPackageProductDependency section */
		2A368E0628D6E986006638B1 /* SDWebImageSwiftUI */ = {
			isa = XCSwiftPackageProductDependency;
			package = 2A368E0528D6E986006638B1 /* XCRemoteSwiftPackageReference "SDWebImageSwiftUI" */;
			productName = SDWebImageSwiftUI;
		};
/* End XCSwiftPackageProductDependency section */
	};
	rootObject = 2A368DD028D6E822006638B1 /* Project object */;
}
